
Microsoft Visual Studio Solution File, Format Version 12.00
# Visual Studio 15
VisualStudioVersion = 15.0.28307.329
MinimumVisualStudioVersion = 10.0.40219.1
Project("{FAE04EC0-301F-11D3-BF4B-00C04F79EFBC}") = "MercadoLibre.WebApi", "MercadoLibre.WebApi\MercadoLibre.WebApi.csproj", "{2ECEC6E8-A107-481A-BF45-BDE58D308956}"
EndProject
Global
	GlobalSection(SolutionConfigurationPlatforms) = preSolution
		Debug|Any CPU = Debug|Any CPU
		Release|Any CPU = Release|Any CPU
	EndGlobalSection
	GlobalSection(ProjectConfigurationPlatforms) = postSolution
		{2ECEC6E8-A107-481A-BF45-BDE58D308956}.Debug|Any CPU.ActiveCfg = Debug|Any CPU
		{2ECEC6E8-A107-481A-BF45-BDE58D308956}.Debug|Any CPU.Build.0 = Debug|Any CPU
		{2ECEC6E8-A107-481A-BF45-BDE58D308956}.Release|Any CPU.ActiveCfg = Release|Any CPU
		{2ECEC6E8-A107-481A-BF45-BDE58D308956}.Release|Any CPU.Build.0 = Release|Any CPU
	EndGlobalSection
	GlobalSection(SolutionProperties) = preSolution
		HideSolutionNode = FALSE
	EndGlobalSection
	GlobalSection(ExtensibilityGlobals) = postSolution
		SolutionGuid = {8093093D-A659-413D-91A7-73DA4FA5C311}
	EndGlobalSection
EndGlobal
