
Microsoft Visual Studio Solution File, Format Version 12.00
# Visual Studio Version 17
VisualStudioVersion = 17.0.31912.275
MinimumVisualStudioVersion = 10.0.40219.1
Project("{9A19103F-16F7-4668-BE54-9A1E7A4F7556}") = "Meli.Backend.Api", "Meli.Backend.Api\Meli.Backend.Api.csproj", "{45BEBB7A-749B-43BC-9F36-42A6E78DC21A}"
EndProject
Project("{9A19103F-16F7-4668-BE54-9A1E7A4F7556}") = "Meli.Backend.Api.Tests", "Meli.Backend.Api.Tests\Meli.Backend.Api.Tests.csproj", "{03CB6652-157B-4E99-AA92-FA09628A3A58}"
EndProject
Project("{9A19103F-16F7-4668-BE54-9A1E7A4F7556}") = "Meli.Backend.Application", "Meli.Backend.Application\Meli.Backend.Application.csproj", "{74A3DB81-96CC-444B-8143-E32700412C42}"
EndProject
Project("{9A19103F-16F7-4668-BE54-9A1E7A4F7556}") = "Meli.Backend.Application.Tests", "Meli.Backend.Application.Tests\Meli.Backend.Application.Tests.csproj", "{F951328F-4FA5-45E9-AA89-C3E4D8CD95E1}"
EndProject
Project("{9A19103F-16F7-4668-BE54-9A1E7A4F7556}") = "Meli.Backend.Domain", "Meli.Backend.Domain\Meli.Backend.Domain.csproj", "{DCF28450-57E9-40F5-AFD3-FDA319CF5E9C}"
EndProject
Global
	GlobalSection(SolutionConfigurationPlatforms) = preSolution
		Debug|Any CPU = Debug|Any CPU
		Release|Any CPU = Release|Any CPU
	EndGlobalSection
	GlobalSection(ProjectConfigurationPlatforms) = postSolution
		{45BEBB7A-749B-43BC-9F36-42A6E78DC21A}.Debug|Any CPU.ActiveCfg = Debug|Any CPU
		{45BEBB7A-749B-43BC-9F36-42A6E78DC21A}.Debug|Any CPU.Build.0 = Debug|Any CPU
		{45BEBB7A-749B-43BC-9F36-42A6E78DC21A}.Release|Any CPU.ActiveCfg = Release|Any CPU
		{45BEBB7A-749B-43BC-9F36-42A6E78DC21A}.Release|Any CPU.Build.0 = Release|Any CPU
		{03CB6652-157B-4E99-AA92-FA09628A3A58}.Debug|Any CPU.ActiveCfg = Debug|Any CPU
		{03CB6652-157B-4E99-AA92-FA09628A3A58}.Debug|Any CPU.Build.0 = Debug|Any CPU
		{03CB6652-157B-4E99-AA92-FA09628A3A58}.Release|Any CPU.ActiveCfg = Release|Any CPU
		{03CB6652-157B-4E99-AA92-FA09628A3A58}.Release|Any CPU.Build.0 = Release|Any CPU
		{74A3DB81-96CC-444B-8143-E32700412C42}.Debug|Any CPU.ActiveCfg = Debug|Any CPU
		{74A3DB81-96CC-444B-8143-E32700412C42}.Debug|Any CPU.Build.0 = Debug|Any CPU
		{74A3DB81-96CC-444B-8143-E32700412C42}.Release|Any CPU.ActiveCfg = Release|Any CPU
		{74A3DB81-96CC-444B-8143-E32700412C42}.Release|Any CPU.Build.0 = Release|Any CPU
		{F951328F-4FA5-45E9-AA89-C3E4D8CD95E1}.Debug|Any CPU.ActiveCfg = Debug|Any CPU
		{F951328F-4FA5-45E9-AA89-C3E4D8CD95E1}.Debug|Any CPU.Build.0 = Debug|Any CPU
		{F951328F-4FA5-45E9-AA89-C3E4D8CD95E1}.Release|Any CPU.ActiveCfg = Release|Any CPU
		{F951328F-4FA5-45E9-AA89-C3E4D8CD95E1}.Release|Any CPU.Build.0 = Release|Any CPU
		{DCF28450-57E9-40F5-AFD3-FDA319CF5E9C}.Debug|Any CPU.ActiveCfg = Debug|Any CPU
		{DCF28450-57E9-40F5-AFD3-FDA319CF5E9C}.Debug|Any CPU.Build.0 = Debug|Any CPU
		{DCF28450-57E9-40F5-AFD3-FDA319CF5E9C}.Release|Any CPU.ActiveCfg = Release|Any CPU
		{DCF28450-57E9-40F5-AFD3-FDA319CF5E9C}.Release|Any CPU.Build.0 = Release|Any CPU
	EndGlobalSection
	GlobalSection(SolutionProperties) = preSolution
		HideSolutionNode = FALSE
	EndGlobalSection
	GlobalSection(ExtensibilityGlobals) = postSolution
		SolutionGuid = {1341AF45-E47B-4987-93F6-67F30D84BE1D}
	EndGlobalSection
EndGlobal
